
Microsoft Visual Studio Solution File, Format Version 12.00
# Visual Studio Version 17
VisualStudioVersion = 17.3.32929.385
MinimumVisualStudioVersion = 10.0.40219.1
Project("{9A19103F-16F7-4668-BE54-9A1E7A4F7556}") = "Sat.Recruitment.Api", "Sat.Recruitment.Api\Sat.Recruitment.Api.csproj", "{1F342EA2-E7B1-4E53-AB93-9C62288D3FB0}"
EndProject
Project("{9A19103F-16F7-4668-BE54-9A1E7A4F7556}") = "Sat.Recruitment.Model", "Sat.Recruitment.Model\Sat.Recruitment.Model.csproj", "{CEB1C3DF-D246-4B3E-94A4-EA0D4D980CBD}"
EndProject
Project("{9A19103F-16F7-4668-BE54-9A1E7A4F7556}") = "Sat.Recruitment.DAL", "Sat.Recruitment.DAL\Sat.Recruitment.DAL.csproj", "{E0C55AD8-DB0D-4B38-AB66-20F87AE8C91C}"
EndProject
Project("{9A19103F-16F7-4668-BE54-9A1E7A4F7556}") = "Sat.Recruitment.Services", "Sat.Recruitment.Services\Sat.Recruitment.Services.csproj", "{93CB228D-28B8-4DDC-867D-DEB69B57F850}"
EndProject
Project("{2150E333-8FDC-42A3-9474-1A3956D46DE8}") = "Tests", "Tests", "{1D0E7051-F50B-4DE4-95F8-C6DC9121D771}"
EndProject
Project("{9A19103F-16F7-4668-BE54-9A1E7A4F7556}") = "Sat.Recruitment.Model.Test", "Sat.Recruitment.Model.Test\Sat.Recruitment.Model.Test.csproj", "{D534682E-7152-4FE5-9355-7479F1E01B2A}"
EndProject
Project("{FAE04EC0-301F-11D3-BF4B-00C04F79EFBC}") = "Sat.Recruitment.Servicies.Test", "Sat.Recruitment.Servicies.Test\Sat.Recruitment.Servicies.Test.csproj", "{793F6E45-4D17-4643-B5C0-61796C217285}"
EndProject
Project("{FAE04EC0-301F-11D3-BF4B-00C04F79EFBC}") = "Sat.Recruitment.DAL.Test", "Sat.Recruitment.DAL.Test\Sat.Recruitment.DAL.Test.csproj", "{B7690558-CAD2-4A43-8120-A894F12E7A3A}"
EndProject
Project("{FAE04EC0-301F-11D3-BF4B-00C04F79EFBC}") = "Sat.Recruitment.Api.Test", "Sat.Recruitment.Api.Test\Sat.Recruitment.Api.Test.csproj", "{21BDEC4C-0A3C-4681-AF81-A0B93BB780C3}"
EndProject
Global
	GlobalSection(SolutionConfigurationPlatforms) = preSolution
		Debug|Any CPU = Debug|Any CPU
		Release|Any CPU = Release|Any CPU
	EndGlobalSection
	GlobalSection(ProjectConfigurationPlatforms) = postSolution
		{1F342EA2-E7B1-4E53-AB93-9C62288D3FB0}.Debug|Any CPU.ActiveCfg = Debug|Any CPU
		{1F342EA2-E7B1-4E53-AB93-9C62288D3FB0}.Debug|Any CPU.Build.0 = Debug|Any CPU
		{1F342EA2-E7B1-4E53-AB93-9C62288D3FB0}.Release|Any CPU.ActiveCfg = Release|Any CPU
		{1F342EA2-E7B1-4E53-AB93-9C62288D3FB0}.Release|Any CPU.Build.0 = Release|Any CPU
		{CEB1C3DF-D246-4B3E-94A4-EA0D4D980CBD}.Debug|Any CPU.ActiveCfg = Debug|Any CPU
		{CEB1C3DF-D246-4B3E-94A4-EA0D4D980CBD}.Debug|Any CPU.Build.0 = Debug|Any CPU
		{CEB1C3DF-D246-4B3E-94A4-EA0D4D980CBD}.Release|Any CPU.ActiveCfg = Release|Any CPU
		{CEB1C3DF-D246-4B3E-94A4-EA0D4D980CBD}.Release|Any CPU.Build.0 = Release|Any CPU
		{E0C55AD8-DB0D-4B38-AB66-20F87AE8C91C}.Debug|Any CPU.ActiveCfg = Debug|Any CPU
		{E0C55AD8-DB0D-4B38-AB66-20F87AE8C91C}.Debug|Any CPU.Build.0 = Debug|Any CPU
		{E0C55AD8-DB0D-4B38-AB66-20F87AE8C91C}.Release|Any CPU.ActiveCfg = Release|Any CPU
		{E0C55AD8-DB0D-4B38-AB66-20F87AE8C91C}.Release|Any CPU.Build.0 = Release|Any CPU
		{93CB228D-28B8-4DDC-867D-DEB69B57F850}.Debug|Any CPU.ActiveCfg = Debug|Any CPU
		{93CB228D-28B8-4DDC-867D-DEB69B57F850}.Debug|Any CPU.Build.0 = Debug|Any CPU
		{93CB228D-28B8-4DDC-867D-DEB69B57F850}.Release|Any CPU.ActiveCfg = Release|Any CPU
		{93CB228D-28B8-4DDC-867D-DEB69B57F850}.Release|Any CPU.Build.0 = Release|Any CPU
		{D534682E-7152-4FE5-9355-7479F1E01B2A}.Debug|Any CPU.ActiveCfg = Debug|Any CPU
		{D534682E-7152-4FE5-9355-7479F1E01B2A}.Debug|Any CPU.Build.0 = Debug|Any CPU
		{D534682E-7152-4FE5-9355-7479F1E01B2A}.Release|Any CPU.ActiveCfg = Release|Any CPU
		{D534682E-7152-4FE5-9355-7479F1E01B2A}.Release|Any CPU.Build.0 = Release|Any CPU
		{793F6E45-4D17-4643-B5C0-61796C217285}.Debug|Any CPU.ActiveCfg = Debug|Any CPU
		{793F6E45-4D17-4643-B5C0-61796C217285}.Debug|Any CPU.Build.0 = Debug|Any CPU
		{793F6E45-4D17-4643-B5C0-61796C217285}.Release|Any CPU.ActiveCfg = Release|Any CPU
		{793F6E45-4D17-4643-B5C0-61796C217285}.Release|Any CPU.Build.0 = Release|Any CPU
		{B7690558-CAD2-4A43-8120-A894F12E7A3A}.Debug|Any CPU.ActiveCfg = Debug|Any CPU
		{B7690558-CAD2-4A43-8120-A894F12E7A3A}.Debug|Any CPU.Build.0 = Debug|Any CPU
		{B7690558-CAD2-4A43-8120-A894F12E7A3A}.Release|Any CPU.ActiveCfg = Release|Any CPU
		{B7690558-CAD2-4A43-8120-A894F12E7A3A}.Release|Any CPU.Build.0 = Release|Any CPU
		{21BDEC4C-0A3C-4681-AF81-A0B93BB780C3}.Debug|Any CPU.ActiveCfg = Debug|Any CPU
		{21BDEC4C-0A3C-4681-AF81-A0B93BB780C3}.Debug|Any CPU.Build.0 = Debug|Any CPU
		{21BDEC4C-0A3C-4681-AF81-A0B93BB780C3}.Release|Any CPU.ActiveCfg = Release|Any CPU
		{21BDEC4C-0A3C-4681-AF81-A0B93BB780C3}.Release|Any CPU.Build.0 = Release|Any CPU
	EndGlobalSection
	GlobalSection(SolutionProperties) = preSolution
		HideSolutionNode = FALSE
	EndGlobalSection
	GlobalSection(NestedProjects) = preSolution
		{D534682E-7152-4FE5-9355-7479F1E01B2A} = {1D0E7051-F50B-4DE4-95F8-C6DC9121D771}
		{793F6E45-4D17-4643-B5C0-61796C217285} = {1D0E7051-F50B-4DE4-95F8-C6DC9121D771}
		{B7690558-CAD2-4A43-8120-A894F12E7A3A} = {1D0E7051-F50B-4DE4-95F8-C6DC9121D771}
		{21BDEC4C-0A3C-4681-AF81-A0B93BB780C3} = {1D0E7051-F50B-4DE4-95F8-C6DC9121D771}
	EndGlobalSection
	GlobalSection(ExtensibilityGlobals) = postSolution
		SolutionGuid = {A2A05765-05B9-484D-8D3D-506849EB716F}
	EndGlobalSection
EndGlobal
