
Microsoft Visual Studio Solution File, Format Version 12.00
# Visual Studio Version 17
VisualStudioVersion = 17.3.32929.385
MinimumVisualStudioVersion = 10.0.40219.1
Project("{9A19103F-16F7-4668-BE54-9A1E7A4F7556}") = "Sat.Recruitment.Api", "Sat.Recruitment.Api\Sat.Recruitment.Api.csproj", "{1F342EA2-E7B1-4E53-AB93-9C62288D3FB0}"
EndProject
Project("{9A19103F-16F7-4668-BE54-9A1E7A4F7556}") = "Sat.Recruitment.Model", "Sat.Recruitment.Model\Sat.Recruitment.Model.csproj", "{CEB1C3DF-D246-4B3E-94A4-EA0D4D980CBD}"
EndProject
Project("{9A19103F-16F7-4668-BE54-9A1E7A4F7556}") = "Sat.Recruitment.DAL", "Sat.Recruitment.DAL\Sat.Recruitment.DAL.csproj", "{E0C55AD8-DB0D-4B38-AB66-20F87AE8C91C}"
EndProject
Project("{9A19103F-16F7-4668-BE54-9A1E7A4F7556}") = "Sat.Recruitment.Services", "Sat.Recruitment.Services\Sat.Recruitment.Services.csproj", "{93CB228D-28B8-4DDC-867D-DEB69B57F850}"
EndProject
Project("{2150E333-8FDC-42A3-9474-1A3956D46DE8}") = "Tests", "Tests", "{1D0E7051-F50B-4DE4-95F8-C6DC9121D771}"
EndProject
Project("{9A19103F-16F7-4668-BE54-9A1E7A4F7556}") = "Sat.Recruitment.Api.Test", "Test\Sat.Recruitment.Api.Test\Sat.Recruitment.Api.Test.csproj", "{6A3639A9-E06A-41D6-B167-DB26B9A38DB0}"
EndProject
Project("{9A19103F-16F7-4668-BE54-9A1E7A4F7556}") = "Sat.Recruitment.DAL.Test", "Test\Sat.Recruitment.DAL.Test\Sat.Recruitment.DAL.Test.csproj", "{49A08D08-F01D-4DEA-A516-66FC07DB4160}"
EndProject
Project("{9A19103F-16F7-4668-BE54-9A1E7A4F7556}") = "Sat.Recruitment.Model.Test", "Test\Sat.Recruitment.Model.Test\Sat.Recruitment.Model.Test.csproj", "{AB554CC1-A3A5-4103-815E-6C679A950493}"
EndProject
Project("{9A19103F-16F7-4668-BE54-9A1E7A4F7556}") = "Sat.Recruitment.Servicies.Test", "Test\Sat.Recruitment.Servicies.Test\Sat.Recruitment.Servicies.Test.csproj", "{5773E3FD-C70A-48BF-9348-87F038BE9739}"
EndProject
Global
	GlobalSection(SolutionConfigurationPlatforms) = preSolution
		Debug|Any CPU = Debug|Any CPU
		Release|Any CPU = Release|Any CPU
	EndGlobalSection
	GlobalSection(ProjectConfigurationPlatforms) = postSolution
		{1F342EA2-E7B1-4E53-AB93-9C62288D3FB0}.Debug|Any CPU.ActiveCfg = Debug|Any CPU
		{1F342EA2-E7B1-4E53-AB93-9C62288D3FB0}.Debug|Any CPU.Build.0 = Debug|Any CPU
		{1F342EA2-E7B1-4E53-AB93-9C62288D3FB0}.Release|Any CPU.ActiveCfg = Release|Any CPU
		{1F342EA2-E7B1-4E53-AB93-9C62288D3FB0}.Release|Any CPU.Build.0 = Release|Any CPU
		{CEB1C3DF-D246-4B3E-94A4-EA0D4D980CBD}.Debug|Any CPU.ActiveCfg = Debug|Any CPU
		{CEB1C3DF-D246-4B3E-94A4-EA0D4D980CBD}.Debug|Any CPU.Build.0 = Debug|Any CPU
		{CEB1C3DF-D246-4B3E-94A4-EA0D4D980CBD}.Release|Any CPU.ActiveCfg = Release|Any CPU
		{CEB1C3DF-D246-4B3E-94A4-EA0D4D980CBD}.Release|Any CPU.Build.0 = Release|Any CPU
		{E0C55AD8-DB0D-4B38-AB66-20F87AE8C91C}.Debug|Any CPU.ActiveCfg = Debug|Any CPU
		{E0C55AD8-DB0D-4B38-AB66-20F87AE8C91C}.Debug|Any CPU.Build.0 = Debug|Any CPU
		{E0C55AD8-DB0D-4B38-AB66-20F87AE8C91C}.Release|Any CPU.ActiveCfg = Release|Any CPU
		{E0C55AD8-DB0D-4B38-AB66-20F87AE8C91C}.Release|Any CPU.Build.0 = Release|Any CPU
		{93CB228D-28B8-4DDC-867D-DEB69B57F850}.Debug|Any CPU.ActiveCfg = Debug|Any CPU
		{93CB228D-28B8-4DDC-867D-DEB69B57F850}.Debug|Any CPU.Build.0 = Debug|Any CPU
		{93CB228D-28B8-4DDC-867D-DEB69B57F850}.Release|Any CPU.ActiveCfg = Release|Any CPU
		{93CB228D-28B8-4DDC-867D-DEB69B57F850}.Release|Any CPU.Build.0 = Release|Any CPU
		{6A3639A9-E06A-41D6-B167-DB26B9A38DB0}.Debug|Any CPU.ActiveCfg = Debug|Any CPU
		{6A3639A9-E06A-41D6-B167-DB26B9A38DB0}.Debug|Any CPU.Build.0 = Debug|Any CPU
		{6A3639A9-E06A-41D6-B167-DB26B9A38DB0}.Release|Any CPU.ActiveCfg = Release|Any CPU
		{6A3639A9-E06A-41D6-B167-DB26B9A38DB0}.Release|Any CPU.Build.0 = Release|Any CPU
		{49A08D08-F01D-4DEA-A516-66FC07DB4160}.Debug|Any CPU.ActiveCfg = Debug|Any CPU
		{49A08D08-F01D-4DEA-A516-66FC07DB4160}.Debug|Any CPU.Build.0 = Debug|Any CPU
		{49A08D08-F01D-4DEA-A516-66FC07DB4160}.Release|Any CPU.ActiveCfg = Release|Any CPU
		{49A08D08-F01D-4DEA-A516-66FC07DB4160}.Release|Any CPU.Build.0 = Release|Any CPU
		{AB554CC1-A3A5-4103-815E-6C679A950493}.Debug|Any CPU.ActiveCfg = Debug|Any CPU
		{AB554CC1-A3A5-4103-815E-6C679A950493}.Debug|Any CPU.Build.0 = Debug|Any CPU
		{AB554CC1-A3A5-4103-815E-6C679A950493}.Release|Any CPU.ActiveCfg = Release|Any CPU
		{AB554CC1-A3A5-4103-815E-6C679A950493}.Release|Any CPU.Build.0 = Release|Any CPU
		{5773E3FD-C70A-48BF-9348-87F038BE9739}.Debug|Any CPU.ActiveCfg = Debug|Any CPU
		{5773E3FD-C70A-48BF-9348-87F038BE9739}.Debug|Any CPU.Build.0 = Debug|Any CPU
		{5773E3FD-C70A-48BF-9348-87F038BE9739}.Release|Any CPU.ActiveCfg = Release|Any CPU
		{5773E3FD-C70A-48BF-9348-87F038BE9739}.Release|Any CPU.Build.0 = Release|Any CPU
	EndGlobalSection
	GlobalSection(SolutionProperties) = preSolution
		HideSolutionNode = FALSE
	EndGlobalSection
	GlobalSection(NestedProjects) = preSolution
		{6A3639A9-E06A-41D6-B167-DB26B9A38DB0} = {1D0E7051-F50B-4DE4-95F8-C6DC9121D771}
		{49A08D08-F01D-4DEA-A516-66FC07DB4160} = {1D0E7051-F50B-4DE4-95F8-C6DC9121D771}
		{AB554CC1-A3A5-4103-815E-6C679A950493} = {1D0E7051-F50B-4DE4-95F8-C6DC9121D771}
		{5773E3FD-C70A-48BF-9348-87F038BE9739} = {1D0E7051-F50B-4DE4-95F8-C6DC9121D771}
	EndGlobalSection
	GlobalSection(ExtensibilityGlobals) = postSolution
		SolutionGuid = {A2A05765-05B9-484D-8D3D-506849EB716F}
	EndGlobalSection
EndGlobal
